
Microsoft Visual Studio Solution File, Format Version 12.00
# Visual Studio Version 16
VisualStudioVersion = 16.0.30105.148
MinimumVisualStudioVersion = 10.0.40219.1
Project("{9A19103F-16F7-4668-BE54-9A1E7A4F7556}") = "DataLaag", "DataLaag\DataLaag.csproj", "{3FF1F06A-8A57-4FBF-AF65-D9F1D554326A}"
EndProject
Project("{9A19103F-16F7-4668-BE54-9A1E7A4F7556}") = "LogicaLaag", "LogicaLaag\LogicaLaag.csproj", "{79F3A2FB-3E6B-4C22-B4BE-8D6F9F11EA80}"
EndProject
Project("{9A19103F-16F7-4668-BE54-9A1E7A4F7556}") = "GUI", "GUI\GUI.csproj", "{C1522B99-56A5-431B-A7F6-4903BDB2A0F4}"
EndProject
Global
	GlobalSection(SolutionConfigurationPlatforms) = preSolution
		Debug|Any CPU = Debug|Any CPU
		Release|Any CPU = Release|Any CPU
	EndGlobalSection
	GlobalSection(ProjectConfigurationPlatforms) = postSolution
		{3FF1F06A-8A57-4FBF-AF65-D9F1D554326A}.Debug|Any CPU.ActiveCfg = Debug|Any CPU
		{3FF1F06A-8A57-4FBF-AF65-D9F1D554326A}.Debug|Any CPU.Build.0 = Debug|Any CPU
		{3FF1F06A-8A57-4FBF-AF65-D9F1D554326A}.Release|Any CPU.ActiveCfg = Release|Any CPU
		{3FF1F06A-8A57-4FBF-AF65-D9F1D554326A}.Release|Any CPU.Build.0 = Release|Any CPU
		{79F3A2FB-3E6B-4C22-B4BE-8D6F9F11EA80}.Debug|Any CPU.ActiveCfg = Debug|Any CPU
		{79F3A2FB-3E6B-4C22-B4BE-8D6F9F11EA80}.Debug|Any CPU.Build.0 = Debug|Any CPU
		{79F3A2FB-3E6B-4C22-B4BE-8D6F9F11EA80}.Release|Any CPU.ActiveCfg = Release|Any CPU
		{79F3A2FB-3E6B-4C22-B4BE-8D6F9F11EA80}.Release|Any CPU.Build.0 = Release|Any CPU
		{C1522B99-56A5-431B-A7F6-4903BDB2A0F4}.Debug|Any CPU.ActiveCfg = Debug|Any CPU
		{C1522B99-56A5-431B-A7F6-4903BDB2A0F4}.Debug|Any CPU.Build.0 = Debug|Any CPU
		{C1522B99-56A5-431B-A7F6-4903BDB2A0F4}.Release|Any CPU.ActiveCfg = Release|Any CPU
		{C1522B99-56A5-431B-A7F6-4903BDB2A0F4}.Release|Any CPU.Build.0 = Release|Any CPU
	EndGlobalSection
	GlobalSection(SolutionProperties) = preSolution
		HideSolutionNode = FALSE
	EndGlobalSection
	GlobalSection(ExtensibilityGlobals) = postSolution
		SolutionGuid = {48708EAC-3442-4505-9F6A-AD040870E7D4}
	EndGlobalSection
EndGlobal
